
Microsoft Visual Studio Solution File, Format Version 12.00
# Visual Studio Version 17
VisualStudioVersion = 17.4.33103.184
MinimumVisualStudioVersion = 10.0.40219.1
Project("{FAE04EC0-301F-11D3-BF4B-00C04F79EFBC}") = "StoreWebApi", "StoreWebApi.csproj", "{B3377ACA-6D17-467D-9729-CD5F8F14EADF}"
EndProject
Global
	GlobalSection(SolutionConfigurationPlatforms) = preSolution
		Debug|Any CPU = Debug|Any CPU
		Release|Any CPU = Release|Any CPU
	EndGlobalSection
	GlobalSection(ProjectConfigurationPlatforms) = postSolution
		{B3377ACA-6D17-467D-9729-CD5F8F14EADF}.Debug|Any CPU.ActiveCfg = Debug|Any CPU
		{B3377ACA-6D17-467D-9729-CD5F8F14EADF}.Debug|Any CPU.Build.0 = Debug|Any CPU
		{B3377ACA-6D17-467D-9729-CD5F8F14EADF}.Release|Any CPU.ActiveCfg = Release|Any CPU
		{B3377ACA-6D17-467D-9729-CD5F8F14EADF}.Release|Any CPU.Build.0 = Release|Any CPU
	EndGlobalSection
	GlobalSection(SolutionProperties) = preSolution
		HideSolutionNode = FALSE
	EndGlobalSection
	GlobalSection(ExtensibilityGlobals) = postSolution
		SolutionGuid = {50300F74-ABE6-43BC-915E-1C070378166B}
	EndGlobalSection
EndGlobal
