
Microsoft Visual Studio Solution File, Format Version 12.00
# Visual Studio Version 17
VisualStudioVersion = 17.3.32929.385
MinimumVisualStudioVersion = 10.0.40219.1
Project("{FAE04EC0-301F-11D3-BF4B-00C04F79EFBC}") = "SistemaWebTransporte", "SistemaWebTransporte\SistemaWebTransporte.csproj", "{F37CFD89-BF39-4838-8189-6E42ADA8CD23}"
EndProject
Global
	GlobalSection(SolutionConfigurationPlatforms) = preSolution
		Debug|Any CPU = Debug|Any CPU
		Release|Any CPU = Release|Any CPU
	EndGlobalSection
	GlobalSection(ProjectConfigurationPlatforms) = postSolution
		{F37CFD89-BF39-4838-8189-6E42ADA8CD23}.Debug|Any CPU.ActiveCfg = Debug|Any CPU
		{F37CFD89-BF39-4838-8189-6E42ADA8CD23}.Debug|Any CPU.Build.0 = Debug|Any CPU
		{F37CFD89-BF39-4838-8189-6E42ADA8CD23}.Release|Any CPU.ActiveCfg = Release|Any CPU
		{F37CFD89-BF39-4838-8189-6E42ADA8CD23}.Release|Any CPU.Build.0 = Release|Any CPU
	EndGlobalSection
	GlobalSection(SolutionProperties) = preSolution
		HideSolutionNode = FALSE
	EndGlobalSection
	GlobalSection(ExtensibilityGlobals) = postSolution
		SolutionGuid = {B0A11E2F-A0FD-4154-AEF4-FF3714DC00B0}
	EndGlobalSection
EndGlobal
