
Microsoft Visual Studio Solution File, Format Version 12.00
# Visual Studio Version 17
VisualStudioVersion = 17.4.33103.184
MinimumVisualStudioVersion = 10.0.40219.1
Project("{FAE04EC0-301F-11D3-BF4B-00C04F79EFBC}") = "WSAutoCanales", "WSAutoCanales.csproj", "{AE9E2D7A-8122-441B-8B04-44705B497330}"
EndProject
Global
	GlobalSection(SolutionConfigurationPlatforms) = preSolution
		Debug|Any CPU = Debug|Any CPU
		Release|Any CPU = Release|Any CPU
	EndGlobalSection
	GlobalSection(ProjectConfigurationPlatforms) = postSolution
		{AE9E2D7A-8122-441B-8B04-44705B497330}.Debug|Any CPU.ActiveCfg = Debug|Any CPU
		{AE9E2D7A-8122-441B-8B04-44705B497330}.Debug|Any CPU.Build.0 = Debug|Any CPU
		{AE9E2D7A-8122-441B-8B04-44705B497330}.Release|Any CPU.ActiveCfg = Release|Any CPU
		{AE9E2D7A-8122-441B-8B04-44705B497330}.Release|Any CPU.Build.0 = Release|Any CPU
	EndGlobalSection
	GlobalSection(SolutionProperties) = preSolution
		HideSolutionNode = FALSE
	EndGlobalSection
	GlobalSection(ExtensibilityGlobals) = postSolution
		SolutionGuid = {C4B0ECC6-EA22-4808-A6E5-12EE55413634}
	EndGlobalSection
EndGlobal
